
Microsoft Visual Studio Solution File, Format Version 12.00
# Visual Studio 15
VisualStudioVersion = 15.0.26730.3
MinimumVisualStudioVersion = 10.0.40219.1
Project("{FAE04EC0-301F-11D3-BF4B-00C04F79EFBC}") = "MediaBrowser.Plugins.TWiT", "MediaBrowser.Plugins.TWiT\MediaBrowser.Plugins.TWiT.csproj", "{9F7D72F6-0729-4AF8-8D2D-8F15471E81C4}"
EndProject
Global
	GlobalSection(SolutionConfigurationPlatforms) = preSolution
		Debug|Any CPU = Debug|Any CPU
		Release|Any CPU = Release|Any CPU
	EndGlobalSection
	GlobalSection(ProjectConfigurationPlatforms) = postSolution
		{9F7D72F6-0729-4AF8-8D2D-8F15471E81C4}.Debug|Any CPU.ActiveCfg = Debug|Any CPU
		{9F7D72F6-0729-4AF8-8D2D-8F15471E81C4}.Debug|Any CPU.Build.0 = Debug|Any CPU
		{9F7D72F6-0729-4AF8-8D2D-8F15471E81C4}.Release|Any CPU.ActiveCfg = Release|Any CPU
		{9F7D72F6-0729-4AF8-8D2D-8F15471E81C4}.Release|Any CPU.Build.0 = Release|Any CPU
	EndGlobalSection
	GlobalSection(SolutionProperties) = preSolution
		HideSolutionNode = FALSE
	EndGlobalSection
	GlobalSection(ExtensibilityGlobals) = postSolution
		SolutionGuid = {82820630-5B09-49A0-823F-B03E4529C950}
	EndGlobalSection
EndGlobal
